
Microsoft Visual Studio Solution File, Format Version 12.00
# Visual Studio Version 17
VisualStudioVersion = 17.1.32328.378
MinimumVisualStudioVersion = 10.0.40219.1
Project("{FAE04EC0-301F-11D3-BF4B-00C04F79EFBC}") = "Semana10Sales.API", "Semana10Sales.API\Semana10Sales.API.csproj", "{3E7BD214-FE24-46E2-A407-8C8CD376B6AD}"
EndProject
Project("{FAE04EC0-301F-11D3-BF4B-00C04F79EFBC}") = "Semana10Sales.DOMAIN", "Semana10Sales.DOMAIN\Semana10Sales.DOMAIN.csproj", "{D58678CB-E3D0-46C9-A004-51C2A8054577}"
EndProject
Global
	GlobalSection(SolutionConfigurationPlatforms) = preSolution
		Debug|Any CPU = Debug|Any CPU
		Release|Any CPU = Release|Any CPU
	EndGlobalSection
	GlobalSection(ProjectConfigurationPlatforms) = postSolution
		{3E7BD214-FE24-46E2-A407-8C8CD376B6AD}.Debug|Any CPU.ActiveCfg = Debug|Any CPU
		{3E7BD214-FE24-46E2-A407-8C8CD376B6AD}.Debug|Any CPU.Build.0 = Debug|Any CPU
		{3E7BD214-FE24-46E2-A407-8C8CD376B6AD}.Release|Any CPU.ActiveCfg = Release|Any CPU
		{3E7BD214-FE24-46E2-A407-8C8CD376B6AD}.Release|Any CPU.Build.0 = Release|Any CPU
		{D58678CB-E3D0-46C9-A004-51C2A8054577}.Debug|Any CPU.ActiveCfg = Debug|Any CPU
		{D58678CB-E3D0-46C9-A004-51C2A8054577}.Debug|Any CPU.Build.0 = Debug|Any CPU
		{D58678CB-E3D0-46C9-A004-51C2A8054577}.Release|Any CPU.ActiveCfg = Release|Any CPU
		{D58678CB-E3D0-46C9-A004-51C2A8054577}.Release|Any CPU.Build.0 = Release|Any CPU
	EndGlobalSection
	GlobalSection(SolutionProperties) = preSolution
		HideSolutionNode = FALSE
	EndGlobalSection
	GlobalSection(ExtensibilityGlobals) = postSolution
		SolutionGuid = {83E27A8D-EF32-4BEA-B30F-B90E283CB298}
	EndGlobalSection
EndGlobal
